// !$*UTF8*$!
{
	archiveVersion = 1;
	classes = {
	};
	objectVersion = 55;
	objects = {

/* Begin PBXBuildFile section */
		BD9468312849F05F0080BA95 /* AppDelegate.swift in Sources */ = {isa = PBXBuildFile; fileRef = BD9468302849F05F0080BA95 /* AppDelegate.swift */; };
		BD9468332849F05F0080BA95 /* SceneDelegate.swift in Sources */ = {isa = PBXBuildFile; fileRef = BD9468322849F05F0080BA95 /* SceneDelegate.swift */; };
		BD9468352849F05F0080BA95 /* ViewController.swift in Sources */ = {isa = PBXBuildFile; fileRef = BD9468342849F05F0080BA95 /* ViewController.swift */; };
		BD9468382849F05F0080BA95 /* Main.storyboard in Resources */ = {isa = PBXBuildFile; fileRef = BD9468362849F05F0080BA95 /* Main.storyboard */; };
		BD94683A2849F0600080BA95 /* Assets.xcassets in Resources */ = {isa = PBXBuildFile; fileRef = BD9468392849F0600080BA95 /* Assets.xcassets */; };
		BD94683D2849F0600080BA95 /* LaunchScreen.storyboard in Resources */ = {isa = PBXBuildFile; fileRef = BD94683B2849F0600080BA95 /* LaunchScreen.storyboard */; };
		BD9468482849F0600080BA95 /* figmaDemoAppTests.swift in Sources */ = {isa = PBXBuildFile; fileRef = BD9468472849F0600080BA95 /* figmaDemoAppTests.swift */; };
		BD9468522849F0610080BA95 /* figmaDemoAppUITests.swift in Sources */ = {isa = PBXBuildFile; fileRef = BD9468512849F0610080BA95 /* figmaDemoAppUITests.swift */; };
		BD9468542849F0610080BA95 /* figmaDemoAppUITestsLaunchTests.swift in Sources */ = {isa = PBXBuildFile; fileRef = BD9468532849F0610080BA95 /* figmaDemoAppUITestsLaunchTests.swift */; };
/* End PBXBuildFile section */

/* Begin PBXContainerItemProxy section */
		BD9468442849F0600080BA95 /* PBXContainerItemProxy */ = {
			isa = PBXContainerItemProxy;
			containerPortal = BD9468252849F05F0080BA95 /* Project object */;
			proxyType = 1;
			remoteGlobalIDString = BD94682C2849F05F0080BA95;
			remoteInfo = figmaDemoApp;
		};
		BD94684E2849F0610080BA95 /* PBXContainerItemProxy */ = {
			isa = PBXContainerItemProxy;
			containerPortal = BD9468252849F05F0080BA95 /* Project object */;
			proxyType = 1;
			remoteGlobalIDString = BD94682C2849F05F0080BA95;
			remoteInfo = figmaDemoApp;
		};
/* End PBXContainerItemProxy section */

/* Begin PBXFileReference section */
		BD94682D2849F05F0080BA95 /* figmaDemoApp.app */ = {isa = PBXFileReference; explicitFileType = wrapper.application; includeInIndex = 0; path = figmaDemoApp.app; sourceTree = BUILT_PRODUCTS_DIR; };
		BD9468302849F05F0080BA95 /* AppDelegate.swift */ = {isa = PBXFileReference; lastKnownFileType = sourcecode.swift; path = AppDelegate.swift; sourceTree = "<group>"; };
		BD9468322849F05F0080BA95 /* SceneDelegate.swift */ = {isa = PBXFileReference; lastKnownFileType = sourcecode.swift; path = SceneDelegate.swift; sourceTree = "<group>"; };
		BD9468342849F05F0080BA95 /* ViewController.swift */ = {isa = PBXFileReference; lastKnownFileType = sourcecode.swift; path = ViewController.swift; sourceTree = "<group>"; };
		BD9468372849F05F0080BA95 /* Base */ = {isa = PBXFileReference; lastKnownFileType = file.storyboard; name = Base; path = Base.lproj/Main.storyboard; sourceTree = "<group>"; };
		BD9468392849F0600080BA95 /* Assets.xcassets */ = {isa = PBXFileReference; lastKnownFileType = folder.assetcatalog; path = Assets.xcassets; sourceTree = "<group>"; };
		BD94683C2849F0600080BA95 /* Base */ = {isa = PBXFileReference; lastKnownFileType = file.storyboard; name = Base; path = Base.lproj/LaunchScreen.storyboard; sourceTree = "<group>"; };
		BD94683E2849F0600080BA95 /* Info.plist */ = {isa = PBXFileReference; lastKnownFileType = text.plist.xml; path = Info.plist; sourceTree = "<group>"; };
		BD9468432849F0600080BA95 /* figmaDemoAppTests.xctest */ = {isa = PBXFileReference; explicitFileType = wrapper.cfbundle; includeInIndex = 0; path = figmaDemoAppTests.xctest; sourceTree = BUILT_PRODUCTS_DIR; };
		BD9468472849F0600080BA95 /* figmaDemoAppTests.swift */ = {isa = PBXFileReference; lastKnownFileType = sourcecode.swift; path = figmaDemoAppTests.swift; sourceTree = "<group>"; };
		BD94684D2849F0610080BA95 /* figmaDemoAppUITests.xctest */ = {isa = PBXFileReference; explicitFileType = wrapper.cfbundle; includeInIndex = 0; path = figmaDemoAppUITests.xctest; sourceTree = BUILT_PRODUCTS_DIR; };
		BD9468512849F0610080BA95 /* figmaDemoAppUITests.swift */ = {isa = PBXFileReference; lastKnownFileType = sourcecode.swift; path = figmaDemoAppUITests.swift; sourceTree = "<group>"; };
		BD9468532849F0610080BA95 /* figmaDemoAppUITestsLaunchTests.swift */ = {isa = PBXFileReference; lastKnownFileType = sourcecode.swift; path = figmaDemoAppUITestsLaunchTests.swift; sourceTree = "<group>"; };
/* End PBXFileReference section */

/* Begin PBXFrameworksBuildPhase section */
		BD94682A2849F05F0080BA95 /* Frameworks */ = {
			isa = PBXFrameworksBuildPhase;
			buildActionMask = 2147483647;
			files = (
			);
			runOnlyForDeploymentPostprocessing = 0;
		};
		BD9468402849F0600080BA95 /* Frameworks */ = {
			isa = PBXFrameworksBuildPhase;
			buildActionMask = 2147483647;
			files = (
			);
			runOnlyForDeploymentPostprocessing = 0;
		};
		BD94684A2849F0610080BA95 /* Frameworks */ = {
			isa = PBXFrameworksBuildPhase;
			buildActionMask = 2147483647;
			files = (
			);
			runOnlyForDeploymentPostprocessing = 0;
		};
/* End PBXFrameworksBuildPhase section */

/* Begin PBXGroup section */
		BD9468242849F05F0080BA95 = {
			isa = PBXGroup;
			children = (
				BD94682F2849F05F0080BA95 /* figmaDemoApp */,
				BD9468462849F0600080BA95 /* figmaDemoAppTests */,
				BD9468502849F0610080BA95 /* figmaDemoAppUITests */,
				BD94682E2849F05F0080BA95 /* Products */,
			);
			sourceTree = "<group>";
		};
		BD94682E2849F05F0080BA95 /* Products */ = {
			isa = PBXGroup;
			children = (
				BD94682D2849F05F0080BA95 /* figmaDemoApp.app */,
				BD9468432849F0600080BA95 /* figmaDemoAppTests.xctest */,
				BD94684D2849F0610080BA95 /* figmaDemoAppUITests.xctest */,
			);
			name = Products;
			sourceTree = "<group>";
		};
		BD94682F2849F05F0080BA95 /* figmaDemoApp */ = {
			isa = PBXGroup;
			children = (
				BD9468302849F05F0080BA95 /* AppDelegate.swift */,
				BD9468322849F05F0080BA95 /* SceneDelegate.swift */,
				BD9468342849F05F0080BA95 /* ViewController.swift */,
				BD9468362849F05F0080BA95 /* Main.storyboard */,
				BD9468392849F0600080BA95 /* Assets.xcassets */,
				BD94683B2849F0600080BA95 /* LaunchScreen.storyboard */,
				BD94683E2849F0600080BA95 /* Info.plist */,
			);
			path = figmaDemoApp;
			sourceTree = "<group>";
		};
		BD9468462849F0600080BA95 /* figmaDemoAppTests */ = {
			isa = PBXGroup;
			children = (
				BD9468472849F0600080BA95 /* figmaDemoAppTests.swift */,
			);
			path = figmaDemoAppTests;
			sourceTree = "<group>";
		};
		BD9468502849F0610080BA95 /* figmaDemoAppUITests */ = {
			isa = PBXGroup;
			children = (
				BD9468512849F0610080BA95 /* figmaDemoAppUITests.swift */,
				BD9468532849F0610080BA95 /* figmaDemoAppUITestsLaunchTests.swift */,
			);
			path = figmaDemoAppUITests;
			sourceTree = "<group>";
		};
/* End PBXGroup section */

/* Begin PBXNativeTarget section */
		BD94682C2849F05F0080BA95 /* figmaDemoApp */ = {
			isa = PBXNativeTarget;
			buildConfigurationList = BD9468572849F0610080BA95 /* Build configuration list for PBXNativeTarget "figmaDemoApp" */;
			buildPhases = (
				BD9468292849F05F0080BA95 /* Sources */,
				BD94682A2849F05F0080BA95 /* Frameworks */,
				BD94682B2849F05F0080BA95 /* Resources */,
			);
			buildRules = (
			);
			dependencies = (
			);
			name = figmaDemoApp;
			productName = figmaDemoApp;
			productReference = BD94682D2849F05F0080BA95 /* figmaDemoApp.app */;
			productType = "com.apple.product-type.application";
		};
		BD9468422849F0600080BA95 /* figmaDemoAppTests */ = {
			isa = PBXNativeTarget;
			buildConfigurationList = BD94685A2849F0610080BA95 /* Build configuration list for PBXNativeTarget "figmaDemoAppTests" */;
			buildPhases = (
				BD94683F2849F0600080BA95 /* Sources */,
				BD9468402849F0600080BA95 /* Frameworks */,
				BD9468412849F0600080BA95 /* Resources */,
			);
			buildRules = (
			);
			dependencies = (
				BD9468452849F0600080BA95 /* PBXTargetDependency */,
			);
			name = figmaDemoAppTests;
			productName = figmaDemoAppTests;
			productReference = BD9468432849F0600080BA95 /* figmaDemoAppTests.xctest */;
			productType = "com.apple.product-type.bundle.unit-test";
		};
		BD94684C2849F0610080BA95 /* figmaDemoAppUITests */ = {
			isa = PBXNativeTarget;
			buildConfigurationList = BD94685D2849F0610080BA95 /* Build configuration list for PBXNativeTarget "figmaDemoAppUITests" */;
			buildPhases = (
				BD9468492849F0610080BA95 /* Sources */,
				BD94684A2849F0610080BA95 /* Frameworks */,
				BD94684B2849F0610080BA95 /* Resources */,
			);
			buildRules = (
			);
			dependencies = (
				BD94684F2849F0610080BA95 /* PBXTargetDependency */,
			);
			name = figmaDemoAppUITests;
			productName = figmaDemoAppUITests;
			productReference = BD94684D2849F0610080BA95 /* figmaDemoAppUITests.xctest */;
			productType = "com.apple.product-type.bundle.ui-testing";
		};
/* End PBXNativeTarget section */

/* Begin PBXProject section */
		BD9468252849F05F0080BA95 /* Project object */ = {
			isa = PBXProject;
			attributes = {
				BuildIndependentTargetsInParallel = 1;
				LastSwiftUpdateCheck = 1330;
				LastUpgradeCheck = 1330;
				TargetAttributes = {
					BD94682C2849F05F0080BA95 = {
						CreatedOnToolsVersion = 13.3;
					};
					BD9468422849F0600080BA95 = {
						CreatedOnToolsVersion = 13.3;
						TestTargetID = BD94682C2849F05F0080BA95;
					};
					BD94684C2849F0610080BA95 = {
						CreatedOnToolsVersion = 13.3;
						TestTargetID = BD94682C2849F05F0080BA95;
					};
				};
			};
			buildConfigurationList = BD9468282849F05F0080BA95 /* Build configuration list for PBXProject "figmaDemoApp" */;
			compatibilityVersion = "Xcode 13.0";
			developmentRegion = en;
			hasScannedForEncodings = 0;
			knownRegions = (
				en,
				Base,
			);
			mainGroup = BD9468242849F05F0080BA95;
			productRefGroup = BD94682E2849F05F0080BA95 /* Products */;
			projectDirPath = "";
			projectRoot = "";
			targets = (
				BD94682C2849F05F0080BA95 /* figmaDemoApp */,
				BD9468422849F0600080BA95 /* figmaDemoAppTests */,
				BD94684C2849F0610080BA95 /* figmaDemoAppUITests */,
			);
		};
/* End PBXProject section */

/* Begin PBXResourcesBuildPhase section */
		BD94682B2849F05F0080BA95 /* Resources */ = {
			isa = PBXResourcesBuildPhase;
			buildActionMask = 2147483647;
			files = (
				BD94683D2849F0600080BA95 /* LaunchScreen.storyboard in Resources */,
				BD94683A2849F0600080BA95 /* Assets.xcassets in Resources */,
				BD9468382849F05F0080BA95 /* Main.storyboard in Resources */,
			);
			runOnlyForDeploymentPostprocessing = 0;
		};
		BD9468412849F0600080BA95 /* Resources */ = {
			isa = PBXResourcesBuildPhase;
			buildActionMask = 2147483647;
			files = (
			);
			runOnlyForDeploymentPostprocessing = 0;
		};
		BD94684B2849F0610080BA95 /* Resources */ = {
			isa = PBXResourcesBuildPhase;
			buildActionMask = 2147483647;
			files = (
			);
			runOnlyForDeploymentPostprocessing = 0;
		};
/* End PBXResourcesBuildPhase section */

/* Begin PBXSourcesBuildPhase section */
		BD9468292849F05F0080BA95 /* Sources */ = {
			isa = PBXSourcesBuildPhase;
			buildActionMask = 2147483647;
			files = (
				BD9468352849F05F0080BA95 /* ViewController.swift in Sources */,
				BD9468312849F05F0080BA95 /* AppDelegate.swift in Sources */,
				BD9468332849F05F0080BA95 /* SceneDelegate.swift in Sources */,
			);
			runOnlyForDeploymentPostprocessing = 0;
		};
		BD94683F2849F0600080BA95 /* Sources */ = {
			isa = PBXSourcesBuildPhase;
			buildActionMask = 2147483647;
			files = (
				BD9468482849F0600080BA95 /* figmaDemoAppTests.swift in Sources */,
			);
			runOnlyForDeploymentPostprocessing = 0;
		};
		BD9468492849F0610080BA95 /* Sources */ = {
			isa = PBXSourcesBuildPhase;
			buildActionMask = 2147483647;
			files = (
				BD9468542849F0610080BA95 /* figmaDemoAppUITestsLaunchTests.swift in Sources */,
				BD9468522849F0610080BA95 /* figmaDemoAppUITests.swift in Sources */,
			);
			runOnlyForDeploymentPostprocessing = 0;
		};
/* End PBXSourcesBuildPhase section */

/* Begin PBXTargetDependency section */
		BD9468452849F0600080BA95 /* PBXTargetDependency */ = {
			isa = PBXTargetDependency;
			target = BD94682C2849F05F0080BA95 /* figmaDemoApp */;
			targetProxy = BD9468442849F0600080BA95 /* PBXContainerItemProxy */;
		};
		BD94684F2849F0610080BA95 /* PBXTargetDependency */ = {
			isa = PBXTargetDependency;
			target = BD94682C2849F05F0080BA95 /* figmaDemoApp */;
			targetProxy = BD94684E2849F0610080BA95 /* PBXContainerItemProxy */;
		};
/* End PBXTargetDependency section */

/* Begin PBXVariantGroup section */
		BD9468362849F05F0080BA95 /* Main.storyboard */ = {
			isa = PBXVariantGroup;
			children = (
				BD9468372849F05F0080BA95 /* Base */,
			);
			name = Main.storyboard;
			sourceTree = "<group>";
		};
		BD94683B2849F0600080BA95 /* LaunchScreen.storyboard */ = {
			isa = PBXVariantGroup;
			children = (
				BD94683C2849F0600080BA95 /* Base */,
			);
			name = LaunchScreen.storyboard;
			sourceTree = "<group>";
		};
/* End PBXVariantGroup section */

/* Begin XCBuildConfiguration section */
		BD9468552849F0610080BA95 /* Debug */ = {
			isa = XCBuildConfiguration;
			buildSettings = {
				ALWAYS_SEARCH_USER_PATHS = NO;
				CLANG_ANALYZER_NONNULL = YES;
				CLANG_ANALYZER_NUMBER_OBJECT_CONVERSION = YES_AGGRESSIVE;
				CLANG_CXX_LANGUAGE_STANDARD = "gnu++17";
				CLANG_ENABLE_MODULES = YES;
				CLANG_ENABLE_OBJC_ARC = YES;
				CLANG_ENABLE_OBJC_WEAK = YES;
				CLANG_WARN_BLOCK_CAPTURE_AUTORELEASING = YES;
				CLANG_WARN_BOOL_CONVERSION = YES;
				CLANG_WARN_COMMA = YES;
				CLANG_WARN_CONSTANT_CONVERSION = YES;
				CLANG_WARN_DEPRECATED_OBJC_IMPLEMENTATIONS = YES;
				CLANG_WARN_DIRECT_OBJC_ISA_USAGE = YES_ERROR;
				CLANG_WARN_DOCUMENTATION_COMMENTS = YES;
				CLANG_WARN_EMPTY_BODY = YES;
				CLANG_WARN_ENUM_CONVERSION = YES;
				CLANG_WARN_INFINITE_RECURSION = YES;
				CLANG_WARN_INT_CONVERSION = YES;
				CLANG_WARN_NON_LITERAL_NULL_CONVERSION = YES;
				CLANG_WARN_OBJC_IMPLICIT_RETAIN_SELF = YES;
				CLANG_WARN_OBJC_LITERAL_CONVERSION = YES;
				CLANG_WARN_OBJC_ROOT_CLASS = YES_ERROR;
				CLANG_WARN_QUOTED_INCLUDE_IN_FRAMEWORK_HEADER = YES;
				CLANG_WARN_RANGE_LOOP_ANALYSIS = YES;
				CLANG_WARN_STRICT_PROTOTYPES = YES;
				CLANG_WARN_SUSPICIOUS_MOVE = YES;
				CLANG_WARN_UNGUARDED_AVAILABILITY = YES_AGGRESSIVE;
				CLANG_WARN_UNREACHABLE_CODE = YES;
				CLANG_WARN__DUPLICATE_METHOD_MATCH = YES;
				COPY_PHASE_STRIP = NO;
				DEBUG_INFORMATION_FORMAT = dwarf;
				ENABLE_STRICT_OBJC_MSGSEND = YES;
				ENABLE_TESTABILITY = YES;
				GCC_C_LANGUAGE_STANDARD = gnu11;
				GCC_DYNAMIC_NO_PIC = NO;
				GCC_NO_COMMON_BLOCKS = YES;
				GCC_OPTIMIZATION_LEVEL = 0;
				GCC_PREPROCESSOR_DEFINITIONS = (
					"DEBUG=1",
					"$(inherited)",
				);
				GCC_WARN_64_TO_32_BIT_CONVERSION = YES;
				GCC_WARN_ABOUT_RETURN_TYPE = YES_ERROR;
				GCC_WARN_UNDECLARED_SELECTOR = YES;
				GCC_WARN_UNINITIALIZED_AUTOS = YES_AGGRESSIVE;
				GCC_WARN_UNUSED_FUNCTION = YES;
				GCC_WARN_UNUSED_VARIABLE = YES;
				IPHONEOS_DEPLOYMENT_TARGET = 15.4;
				MTL_ENABLE_DEBUG_INFO = INCLUDE_SOURCE;
				MTL_FAST_MATH = YES;
				ONLY_ACTIVE_ARCH = YES;
				SDKROOT = iphoneos;
				SWIFT_ACTIVE_COMPILATION_CONDITIONS = DEBUG;
				SWIFT_OPTIMIZATION_LEVEL = "-Onone";
			};
			name = Debug;
		};
		BD9468562849F0610080BA95 /* Release */ = {
			isa = XCBuildConfiguration;
			buildSettings = {
				ALWAYS_SEARCH_USER_PATHS = NO;
				CLANG_ANALYZER_NONNULL = YES;
				CLANG_ANALYZER_NUMBER_OBJECT_CONVERSION = YES_AGGRESSIVE;
				CLANG_CXX_LANGUAGE_STANDARD = "gnu++17";
				CLANG_ENABLE_MODULES = YES;
				CLANG_ENABLE_OBJC_ARC = YES;
				CLANG_ENABLE_OBJC_WEAK = YES;
				CLANG_WARN_BLOCK_CAPTURE_AUTORELEASING = YES;
				CLANG_WARN_BOOL_CONVERSION = YES;
				CLANG_WARN_COMMA = YES;
				CLANG_WARN_CONSTANT_CONVERSION = YES;
				CLANG_WARN_DEPRECATED_OBJC_IMPLEMENTATIONS = YES;
				CLANG_WARN_DIRECT_OBJC_ISA_USAGE = YES_ERROR;
				CLANG_WARN_DOCUMENTATION_COMMENTS = YES;
				CLANG_WARN_EMPTY_BODY = YES;
				CLANG_WARN_ENUM_CONVERSION = YES;
				CLANG_WARN_INFINITE_RECURSION = YES;
				CLANG_WARN_INT_CONVERSION = YES;
				CLANG_WARN_NON_LITERAL_NULL_CONVERSION = YES;
				CLANG_WARN_OBJC_IMPLICIT_RETAIN_SELF = YES;
				CLANG_WARN_OBJC_LITERAL_CONVERSION = YES;
				CLANG_WARN_OBJC_ROOT_CLASS = YES_ERROR;
				CLANG_WARN_QUOTED_INCLUDE_IN_FRAMEWORK_HEADER = YES;
				CLANG_WARN_RANGE_LOOP_ANALYSIS = YES;
				CLANG_WARN_STRICT_PROTOTYPES = YES;
				CLANG_WARN_SUSPICIOUS_MOVE = YES;
				CLANG_WARN_UNGUARDED_AVAILABILITY = YES_AGGRESSIVE;
				CLANG_WARN_UNREACHABLE_CODE = YES;
				CLANG_WARN__DUPLICATE_METHOD_MATCH = YES;
				COPY_PHASE_STRIP = NO;
				DEBUG_INFORMATION_FORMAT = "dwarf-with-dsym";
				ENABLE_NS_ASSERTIONS = NO;
				ENABLE_STRICT_OBJC_MSGSEND = YES;
				GCC_C_LANGUAGE_STANDARD = gnu11;
				GCC_NO_COMMON_BLOCKS = YES;
				GCC_WARN_64_TO_32_BIT_CONVERSION = YES;
				GCC_WARN_ABOUT_RETURN_TYPE = YES_ERROR;
				GCC_WARN_UNDECLARED_SELECTOR = YES;
				GCC_WARN_UNINITIALIZED_AUTOS = YES_AGGRESSIVE;
				GCC_WARN_UNUSED_FUNCTION = YES;
				GCC_WARN_UNUSED_VARIABLE = YES;
				IPHONEOS_DEPLOYMENT_TARGET = 15.4;
				MTL_ENABLE_DEBUG_INFO = NO;
				MTL_FAST_MATH = YES;
				SDKROOT = iphoneos;
				SWIFT_COMPILATION_MODE = wholemodule;
				SWIFT_OPTIMIZATION_LEVEL = "-O";
				VALIDATE_PRODUCT = YES;
			};
			name = Release;
		};
		BD9468582849F0610080BA95 /* Debug */ = {
			isa = XCBuildConfiguration;
			buildSettings = {
				ASSETCATALOG_COMPILER_APPICON_NAME = AppIcon;
				ASSETCATALOG_COMPILER_GLOBAL_ACCENT_COLOR_NAME = AccentColor;
				CODE_SIGN_STYLE = Automatic;
				CURRENT_PROJECT_VERSION = 1;
				GENERATE_INFOPLIST_FILE = YES;
				INFOPLIST_FILE = figmaDemoApp/Info.plist;
				INFOPLIST_KEY_UIApplicationSupportsIndirectInputEvents = YES;
				INFOPLIST_KEY_UILaunchStoryboardName = LaunchScreen;
				INFOPLIST_KEY_UIMainStoryboardFile = Main;
				INFOPLIST_KEY_UISupportedInterfaceOrientations_iPad = "UIInterfaceOrientationPortrait UIInterfaceOrientationPortraitUpsideDown UIInterfaceOrientationLandscapeLeft UIInterfaceOrientationLandscapeRight";
				INFOPLIST_KEY_UISupportedInterfaceOrientations_iPhone = "UIInterfaceOrientationPortrait UIInterfaceOrientationLandscapeLeft UIInterfaceOrientationLandscapeRight";
				LD_RUNPATH_SEARCH_PATHS = (
					"$(inherited)",
					"@executable_path/Frameworks",
				);
				MARKETING_VERSION = 1.0;
				PRODUCT_BUNDLE_IDENTIFIER = abc.figmaDemoApp;
				PRODUCT_NAME = "$(TARGET_NAME)";
				SWIFT_EMIT_LOC_STRINGS = YES;
				SWIFT_VERSION = 5.0;
				TARGETED_DEVICE_FAMILY = "1,2";
			};
			name = Debug;
		};
		BD9468592849F0610080BA95 /* Release */ = {
			isa = XCBuildConfiguration;
			buildSettings = {
				ASSETCATALOG_COMPILER_APPICON_NAME = AppIcon;
				ASSETCATALOG_COMPILER_GLOBAL_ACCENT_COLOR_NAME = AccentColor;
				CODE_SIGN_STYLE = Automatic;
				CURRENT_PROJECT_VERSION = 1;
				GENERATE_INFOPLIST_FILE = YES;
				INFOPLIST_FILE = figmaDemoApp/Info.plist;
				INFOPLIST_KEY_UIApplicationSupportsIndirectInputEvents = YES;
				INFOPLIST_KEY_UILaunchStoryboardName = LaunchScreen;
				INFOPLIST_KEY_UIMainStoryboardFile = Main;
				INFOPLIST_KEY_UISupportedInterfaceOrientations_iPad = "UIInterfaceOrientationPortrait UIInterfaceOrientationPortraitUpsideDown UIInterfaceOrientationLandscapeLeft UIInterfaceOrientationLandscapeRight";
				INFOPLIST_KEY_UISupportedInterfaceOrientations_iPhone = "UIInterfaceOrientationPortrait UIInterfaceOrientationLandscapeLeft UIInterfaceOrientationLandscapeRight";
				LD_RUNPATH_SEARCH_PATHS = (
					"$(inherited)",
					"@executable_path/Frameworks",
				);
				MARKETING_VERSION = 1.0;
				PRODUCT_BUNDLE_IDENTIFIER = abc.figmaDemoApp;
				PRODUCT_NAME = "$(TARGET_NAME)";
				SWIFT_EMIT_LOC_STRINGS = YES;
				SWIFT_VERSION = 5.0;
				TARGETED_DEVICE_FAMILY = "1,2";
			};
			name = Release;
		};
		BD94685B2849F0610080BA95 /* Debug */ = {
			isa = XCBuildConfiguration;
			buildSettings = {
				ALWAYS_EMBED_SWIFT_STANDARD_LIBRARIES = YES;
				BUNDLE_LOADER = "$(TEST_HOST)";
				CODE_SIGN_STYLE = Automatic;
				CURRENT_PROJECT_VERSION = 1;
				GENERATE_INFOPLIST_FILE = YES;
				IPHONEOS_DEPLOYMENT_TARGET = 15.4;
				MARKETING_VERSION = 1.0;
				PRODUCT_BUNDLE_IDENTIFIER = abc.figmaDemoAppTests;
				PRODUCT_NAME = "$(TARGET_NAME)";
				SWIFT_EMIT_LOC_STRINGS = NO;
				SWIFT_VERSION = 5.0;
				TARGETED_DEVICE_FAMILY = "1,2";
				TEST_HOST = "$(BUILT_PRODUCTS_DIR)/figmaDemoApp.app/figmaDemoApp";
			};
			name = Debug;
		};
		BD94685C2849F0610080BA95 /* Release */ = {
			isa = XCBuildConfiguration;
			buildSettings = {
				ALWAYS_EMBED_SWIFT_STANDARD_LIBRARIES = YES;
				BUNDLE_LOADER = "$(TEST_HOST)";
				CODE_SIGN_STYLE = Automatic;
				CURRENT_PROJECT_VERSION = 1;
				GENERATE_INFOPLIST_FILE = YES;
				IPHONEOS_DEPLOYMENT_TARGET = 15.4;
				MARKETING_VERSION = 1.0;
				PRODUCT_BUNDLE_IDENTIFIER = abc.figmaDemoAppTests;
				PRODUCT_NAME = "$(TARGET_NAME)";
				SWIFT_EMIT_LOC_STRINGS = NO;
				SWIFT_VERSION = 5.0;
				TARGETED_DEVICE_FAMILY = "1,2";
				TEST_HOST = "$(BUILT_PRODUCTS_DIR)/figmaDemoApp.app/figmaDemoApp";
			};
			name = Release;
		};
		BD94685E2849F0610080BA95 /* Debug */ = {
			isa = XCBuildConfiguration;
			buildSettings = {
				ALWAYS_EMBED_SWIFT_STANDARD_LIBRARIES = YES;
				CODE_SIGN_STYLE = Automatic;
				CURRENT_PROJECT_VERSION = 1;
				GENERATE_INFOPLIST_FILE = YES;
				MARKETING_VERSION = 1.0;
				PRODUCT_BUNDLE_IDENTIFIER = abc.figmaDemoAppUITests;
				PRODUCT_NAME = "$(TARGET_NAME)";
				SWIFT_EMIT_LOC_STRINGS = NO;
				SWIFT_VERSION = 5.0;
				TARGETED_DEVICE_FAMILY = "1,2";
				TEST_TARGET_NAME = figmaDemoApp;
			};
			name = Debug;
		};
		BD94685F2849F0610080BA95 /* Release */ = {
			isa = XCBuildConfiguration;
			buildSettings = {
				ALWAYS_EMBED_SWIFT_STANDARD_LIBRARIES = YES;
				CODE_SIGN_STYLE = Automatic;
				CURRENT_PROJECT_VERSION = 1;
				GENERATE_INFOPLIST_FILE = YES;
				MARKETING_VERSION = 1.0;
				PRODUCT_BUNDLE_IDENTIFIER = abc.figmaDemoAppUITests;
				PRODUCT_NAME = "$(TARGET_NAME)";
				SWIFT_EMIT_LOC_STRINGS = NO;
				SWIFT_VERSION = 5.0;
				TARGETED_DEVICE_FAMILY = "1,2";
				TEST_TARGET_NAME = figmaDemoApp;
			};
			name = Release;
		};
/* End XCBuildConfiguration section */

/* Begin XCConfigurationList section */
		BD9468282849F05F0080BA95 /* Build configuration list for PBXProject "figmaDemoApp" */ = {
			isa = XCConfigurationList;
			buildConfigurations = (
				BD9468552849F0610080BA95 /* Debug */,
				BD9468562849F0610080BA95 /* Release */,
			);
			defaultConfigurationIsVisible = 0;
			defaultConfigurationName = Release;
		};
		BD9468572849F0610080BA95 /* Build configuration list for PBXNativeTarget "figmaDemoApp" */ = {
			isa = XCConfigurationList;
			buildConfigurations = (
				BD9468582849F0610080BA95 /* Debug */,
				BD9468592849F0610080BA95 /* Release */,
			);
			defaultConfigurationIsVisible = 0;
			defaultConfigurationName = Release;
		};
		BD94685A2849F0610080BA95 /* Build configuration list for PBXNativeTarget "figmaDemoAppTests" */ = {
			isa = XCConfigurationList;
			buildConfigurations = (
				BD94685B2849F0610080BA95 /* Debug */,
				BD94685C2849F0610080BA95 /* Release */,
			);
			defaultConfigurationIsVisible = 0;
			defaultConfigurationName = Release;
		};
		BD94685D2849F0610080BA95 /* Build configuration list for PBXNativeTarget "figmaDemoAppUITests" */ = {
			isa = XCConfigurationList;
			buildConfigurations = (
				BD94685E2849F0610080BA95 /* Debug */,
				BD94685F2849F0610080BA95 /* Release */,
			);
			defaultConfigurationIsVisible = 0;
			defaultConfigurationName = Release;
		};
/* End XCConfigurationList section */
	};
	rootObject = BD9468252849F05F0080BA95 /* Project object */;
}
